
Microsoft Visual Studio Solution File, Format Version 12.00
# Visual Studio Version 16
VisualStudioVersion = 16.0.29613.14
MinimumVisualStudioVersion = 10.0.40219.1
Project("{9A19103F-16F7-4668-BE54-9A1E7A4F7556}") = "ComplaintManagment", "ComplaintManagment.csproj", "{03D855B8-673D-4AF6-8E6A-9794C7852446}"
EndProject
Project("{9A19103F-16F7-4668-BE54-9A1E7A4F7556}") = "ComplaintManagmentAPI", "..\ComplaintManagmentAPI\ComplaintManagmentAPI.csproj", "{DAD7DA24-793B-4A15-897D-FD3227A78E68}"
EndProject
Project("{9A19103F-16F7-4668-BE54-9A1E7A4F7556}") = "Models", "..\Models\Models.csproj", "{99117451-F967-4D48-ADA6-560B1453623E}"
EndProject
Global
	GlobalSection(SolutionConfigurationPlatforms) = preSolution
		Debug|Any CPU = Debug|Any CPU
		Release|Any CPU = Release|Any CPU
	EndGlobalSection
	GlobalSection(ProjectConfigurationPlatforms) = postSolution
		{03D855B8-673D-4AF6-8E6A-9794C7852446}.Debug|Any CPU.ActiveCfg = Debug|Any CPU
		{03D855B8-673D-4AF6-8E6A-9794C7852446}.Debug|Any CPU.Build.0 = Debug|Any CPU
		{03D855B8-673D-4AF6-8E6A-9794C7852446}.Release|Any CPU.ActiveCfg = Release|Any CPU
		{03D855B8-673D-4AF6-8E6A-9794C7852446}.Release|Any CPU.Build.0 = Release|Any CPU
		{DAD7DA24-793B-4A15-897D-FD3227A78E68}.Debug|Any CPU.ActiveCfg = Debug|Any CPU
		{DAD7DA24-793B-4A15-897D-FD3227A78E68}.Debug|Any CPU.Build.0 = Debug|Any CPU
		{DAD7DA24-793B-4A15-897D-FD3227A78E68}.Release|Any CPU.ActiveCfg = Release|Any CPU
		{DAD7DA24-793B-4A15-897D-FD3227A78E68}.Release|Any CPU.Build.0 = Release|Any CPU
		{99117451-F967-4D48-ADA6-560B1453623E}.Debug|Any CPU.ActiveCfg = Debug|Any CPU
		{99117451-F967-4D48-ADA6-560B1453623E}.Debug|Any CPU.Build.0 = Debug|Any CPU
		{99117451-F967-4D48-ADA6-560B1453623E}.Release|Any CPU.ActiveCfg = Release|Any CPU
		{99117451-F967-4D48-ADA6-560B1453623E}.Release|Any CPU.Build.0 = Release|Any CPU
	EndGlobalSection
	GlobalSection(SolutionProperties) = preSolution
		HideSolutionNode = FALSE
	EndGlobalSection
	GlobalSection(ExtensibilityGlobals) = postSolution
		SolutionGuid = {7135E2AD-FC9D-4D40-85A8-C3CEFA337E0A}
	EndGlobalSection
EndGlobal
